
Microsoft Visual Studio Solution File, Format Version 12.00
# Visual Studio Version 16
VisualStudioVersion = 16.0.29503.13
MinimumVisualStudioVersion = 10.0.40219.1
Project("{9A19103F-16F7-4668-BE54-9A1E7A4F7556}") = "K13_pz_zad1", "K13_pz_zad1.csproj", "{DFFBD215-89EF-431A-B003-7D3805E6E6E8}"
EndProject
Global
	GlobalSection(SolutionConfigurationPlatforms) = preSolution
		Debug|Any CPU = Debug|Any CPU
		Release|Any CPU = Release|Any CPU
	EndGlobalSection
	GlobalSection(ProjectConfigurationPlatforms) = postSolution
		{DFFBD215-89EF-431A-B003-7D3805E6E6E8}.Debug|Any CPU.ActiveCfg = Debug|Any CPU
		{DFFBD215-89EF-431A-B003-7D3805E6E6E8}.Debug|Any CPU.Build.0 = Debug|Any CPU
		{DFFBD215-89EF-431A-B003-7D3805E6E6E8}.Release|Any CPU.ActiveCfg = Release|Any CPU
		{DFFBD215-89EF-431A-B003-7D3805E6E6E8}.Release|Any CPU.Build.0 = Release|Any CPU
	EndGlobalSection
	GlobalSection(SolutionProperties) = preSolution
		HideSolutionNode = FALSE
	EndGlobalSection
	GlobalSection(ExtensibilityGlobals) = postSolution
		SolutionGuid = {64AD15FB-320B-4241-99D0-8F57C4B21721}
	EndGlobalSection
EndGlobal
